
Microsoft Visual Studio Solution File, Format Version 12.00
# Visual Studio Version 17
VisualStudioVersion = 17.7.34221.43
MinimumVisualStudioVersion = 10.0.40219.1
Project("{8BC9CEB8-8B4A-11D0-8D11-00A0C91BC942}") = "lab_15", "lab_15\lab_15.vcxproj", "{3A784AB5-F97F-44C2-96C3-97F4E8EACDDE}"
EndProject
Global
	GlobalSection(SolutionConfigurationPlatforms) = preSolution
		Debug|x64 = Debug|x64
		Debug|x86 = Debug|x86
		Release|x64 = Release|x64
		Release|x86 = Release|x86
	EndGlobalSection
	GlobalSection(ProjectConfigurationPlatforms) = postSolution
		{3A784AB5-F97F-44C2-96C3-97F4E8EACDDE}.Debug|x64.ActiveCfg = Debug|x64
		{3A784AB5-F97F-44C2-96C3-97F4E8EACDDE}.Debug|x64.Build.0 = Debug|x64
		{3A784AB5-F97F-44C2-96C3-97F4E8EACDDE}.Debug|x86.ActiveCfg = Debug|Win32
		{3A784AB5-F97F-44C2-96C3-97F4E8EACDDE}.Debug|x86.Build.0 = Debug|Win32
		{3A784AB5-F97F-44C2-96C3-97F4E8EACDDE}.Release|x64.ActiveCfg = Release|x64
		{3A784AB5-F97F-44C2-96C3-97F4E8EACDDE}.Release|x64.Build.0 = Release|x64
		{3A784AB5-F97F-44C2-96C3-97F4E8EACDDE}.Release|x86.ActiveCfg = Release|Win32
		{3A784AB5-F97F-44C2-96C3-97F4E8EACDDE}.Release|x86.Build.0 = Release|Win32
	EndGlobalSection
	GlobalSection(SolutionProperties) = preSolution
		HideSolutionNode = FALSE
	EndGlobalSection
	GlobalSection(ExtensibilityGlobals) = postSolution
		SolutionGuid = {3772C933-E26E-4A4E-BEA2-9E720276A3C6}
	EndGlobalSection
EndGlobal
